// !$*UTF8*$!
{
	archiveVersion = 1;
	classes = {
	};
	objectVersion = 46;
	objects = {

/* Begin PBXBuildFile section */
		209CCC27BC14FA44DAF093CE /* Pods_ProjetTest.framework in Frameworks */ = {isa = PBXBuildFile; fileRef = EEB1E989CAAB49DEFBE3929A /* Pods_ProjetTest.framework */; };
		9422BE6D1E703A32002C05DF /* alarm.png in Resources */ = {isa = PBXBuildFile; fileRef = 9422BE651E703A32002C05DF /* alarm.png */; };
		9422BE6E1E703A32002C05DF /* background.png in Resources */ = {isa = PBXBuildFile; fileRef = 9422BE661E703A32002C05DF /* background.png */; };
		9422BE6F1E703A32002C05DF /* facebook.png in Resources */ = {isa = PBXBuildFile; fileRef = 9422BE671E703A32002C05DF /* facebook.png */; };
		9422BE701E703A32002C05DF /* feather.png in Resources */ = {isa = PBXBuildFile; fileRef = 9422BE681E703A32002C05DF /* feather.png */; };
		9422BE711E703A32002C05DF /* logoMessenger.png in Resources */ = {isa = PBXBuildFile; fileRef = 9422BE691E703A32002C05DF /* logoMessenger.png */; };
		9422BE721E703A32002C05DF /* LogoWS.png in Resources */ = {isa = PBXBuildFile; fileRef = 9422BE6A1E703A32002C05DF /* LogoWS.png */; };
		9422BE731E703A32002C05DF /* LogoWsWhite.png in Resources */ = {isa = PBXBuildFile; fileRef = 9422BE6B1E703A32002C05DF /* LogoWsWhite.png */; };
		9422BE741E703A32002C05DF /* settings.png in Resources */ = {isa = PBXBuildFile; fileRef = 9422BE6C1E703A32002C05DF /* settings.png */; };
		943CC7CA1E702885005872BD /* AppDelegate.swift in Sources */ = {isa = PBXBuildFile; fileRef = 943CC7C91E702885005872BD /* AppDelegate.swift */; };
		943CC7CC1E702885005872BD /* ViewController.swift in Sources */ = {isa = PBXBuildFile; fileRef = 943CC7CB1E702885005872BD /* ViewController.swift */; };
		943CC7CF1E702885005872BD /* Main.storyboard in Resources */ = {isa = PBXBuildFile; fileRef = 943CC7CD1E702885005872BD /* Main.storyboard */; };
		943CC7D21E702885005872BD /* ProjetTest.xcdatamodeld in Sources */ = {isa = PBXBuildFile; fileRef = 943CC7D01E702885005872BD /* ProjetTest.xcdatamodeld */; };
		943CC7D41E702885005872BD /* Assets.xcassets in Resources */ = {isa = PBXBuildFile; fileRef = 943CC7D31E702885005872BD /* Assets.xcassets */; };
		943CC7D71E702885005872BD /* LaunchScreen.storyboard in Resources */ = {isa = PBXBuildFile; fileRef = 943CC7D51E702885005872BD /* LaunchScreen.storyboard */; };
		943CC7E11E702895005872BD /* Bolts.framework in Frameworks */ = {isa = PBXBuildFile; fileRef = 943CC7DE1E702895005872BD /* Bolts.framework */; };
		943CC7E21E702895005872BD /* FBSDKCoreKit.framework in Frameworks */ = {isa = PBXBuildFile; fileRef = 943CC7DF1E702895005872BD /* FBSDKCoreKit.framework */; };
		943CC7E31E702895005872BD /* FBSDKLoginKit.framework in Frameworks */ = {isa = PBXBuildFile; fileRef = 943CC7E01E702895005872BD /* FBSDKLoginKit.framework */; };
		943CC7ED1E7032E8005872BD /* GoogleMapViewController.swift in Sources */ = {isa = PBXBuildFile; fileRef = 943CC7EC1E7032E8005872BD /* GoogleMapViewController.swift */; };
		943CC7EF1E703313005872BD /* AABlurtAlertController.swift in Sources */ = {isa = PBXBuildFile; fileRef = 943CC7EE1E703313005872BD /* AABlurtAlertController.swift */; };
		94909F561E70400A005C2967 /* Navigation.swift in Sources */ = {isa = PBXBuildFile; fileRef = 94909F551E70400A005C2967 /* Navigation.swift */; };
/* End PBXBuildFile section */

/* Begin PBXFileReference section */
		18698BB3843C7ED992379355 /* Pods-ProjetTest.debug.xcconfig */ = {isa = PBXFileReference; includeInIndex = 1; lastKnownFileType = text.xcconfig; name = "Pods-ProjetTest.debug.xcconfig"; path = "Pods/Target Support Files/Pods-ProjetTest/Pods-ProjetTest.debug.xcconfig"; sourceTree = "<group>"; };
		9422BE651E703A32002C05DF /* alarm.png */ = {isa = PBXFileReference; lastKnownFileType = image.png; path = alarm.png; sourceTree = "<group>"; };
		9422BE661E703A32002C05DF /* background.png */ = {isa = PBXFileReference; lastKnownFileType = image.png; path = background.png; sourceTree = "<group>"; };
		9422BE671E703A32002C05DF /* facebook.png */ = {isa = PBXFileReference; lastKnownFileType = image.png; path = facebook.png; sourceTree = "<group>"; };
		9422BE681E703A32002C05DF /* feather.png */ = {isa = PBXFileReference; lastKnownFileType = image.png; path = feather.png; sourceTree = "<group>"; };
		9422BE691E703A32002C05DF /* logoMessenger.png */ = {isa = PBXFileReference; lastKnownFileType = image.png; path = logoMessenger.png; sourceTree = "<group>"; };
		9422BE6A1E703A32002C05DF /* LogoWS.png */ = {isa = PBXFileReference; lastKnownFileType = image.png; path = LogoWS.png; sourceTree = "<group>"; };
		9422BE6B1E703A32002C05DF /* LogoWsWhite.png */ = {isa = PBXFileReference; lastKnownFileType = image.png; path = LogoWsWhite.png; sourceTree = "<group>"; };
		9422BE6C1E703A32002C05DF /* settings.png */ = {isa = PBXFileReference; lastKnownFileType = image.png; path = settings.png; sourceTree = "<group>"; };
		943CC7C61E702885005872BD /* ProjetTest.app */ = {isa = PBXFileReference; explicitFileType = wrapper.application; includeInIndex = 0; path = ProjetTest.app; sourceTree = BUILT_PRODUCTS_DIR; };
		943CC7C91E702885005872BD /* AppDelegate.swift */ = {isa = PBXFileReference; lastKnownFileType = sourcecode.swift; path = AppDelegate.swift; sourceTree = "<group>"; };
		943CC7CB1E702885005872BD /* ViewController.swift */ = {isa = PBXFileReference; lastKnownFileType = sourcecode.swift; path = ViewController.swift; sourceTree = "<group>"; };
		943CC7CE1E702885005872BD /* Base */ = {isa = PBXFileReference; lastKnownFileType = file.storyboard; name = Base; path = Base.lproj/Main.storyboard; sourceTree = "<group>"; };
		943CC7D11E702885005872BD /* ProjetTest.xcdatamodel */ = {isa = PBXFileReference; lastKnownFileType = wrapper.xcdatamodel; path = ProjetTest.xcdatamodel; sourceTree = "<group>"; };
		943CC7D31E702885005872BD /* Assets.xcassets */ = {isa = PBXFileReference; lastKnownFileType = folder.assetcatalog; path = Assets.xcassets; sourceTree = "<group>"; };
		943CC7D61E702885005872BD /* Base */ = {isa = PBXFileReference; lastKnownFileType = file.storyboard; name = Base; path = Base.lproj/LaunchScreen.storyboard; sourceTree = "<group>"; };
		943CC7D81E702885005872BD /* Info.plist */ = {isa = PBXFileReference; lastKnownFileType = text.plist.xml; path = Info.plist; sourceTree = "<group>"; };
		943CC7DE1E702895005872BD /* Bolts.framework */ = {isa = PBXFileReference; lastKnownFileType = wrapper.framework; path = Bolts.framework; sourceTree = "<group>"; };
		943CC7DF1E702895005872BD /* FBSDKCoreKit.framework */ = {isa = PBXFileReference; lastKnownFileType = wrapper.framework; path = FBSDKCoreKit.framework; sourceTree = "<group>"; };
		943CC7E01E702895005872BD /* FBSDKLoginKit.framework */ = {isa = PBXFileReference; lastKnownFileType = wrapper.framework; path = FBSDKLoginKit.framework; sourceTree = "<group>"; };
		943CC7EC1E7032E8005872BD /* GoogleMapViewController.swift */ = {isa = PBXFileReference; fileEncoding = 4; lastKnownFileType = sourcecode.swift; path = GoogleMapViewController.swift; sourceTree = "<group>"; };
		943CC7EE1E703313005872BD /* AABlurtAlertController.swift */ = {isa = PBXFileReference; fileEncoding = 4; lastKnownFileType = sourcecode.swift; path = AABlurtAlertController.swift; sourceTree = "<group>"; };
		94909F551E70400A005C2967 /* Navigation.swift */ = {isa = PBXFileReference; fileEncoding = 4; lastKnownFileType = sourcecode.swift; path = Navigation.swift; sourceTree = "<group>"; };
		EEB1E989CAAB49DEFBE3929A /* Pods_ProjetTest.framework */ = {isa = PBXFileReference; explicitFileType = wrapper.framework; includeInIndex = 0; path = Pods_ProjetTest.framework; sourceTree = BUILT_PRODUCTS_DIR; };
		F7129CC9EE94D48047DD898B /* Pods-ProjetTest.release.xcconfig */ = {isa = PBXFileReference; includeInIndex = 1; lastKnownFileType = text.xcconfig; name = "Pods-ProjetTest.release.xcconfig"; path = "Pods/Target Support Files/Pods-ProjetTest/Pods-ProjetTest.release.xcconfig"; sourceTree = "<group>"; };
/* End PBXFileReference section */

/* Begin PBXFrameworksBuildPhase section */
		943CC7C31E702885005872BD /* Frameworks */ = {
			isa = PBXFrameworksBuildPhase;
			buildActionMask = 2147483647;
			files = (
				943CC7E11E702895005872BD /* Bolts.framework in Frameworks */,
				943CC7E21E702895005872BD /* FBSDKCoreKit.framework in Frameworks */,
				943CC7E31E702895005872BD /* FBSDKLoginKit.framework in Frameworks */,
				209CCC27BC14FA44DAF093CE /* Pods_ProjetTest.framework in Frameworks */,
			);
			runOnlyForDeploymentPostprocessing = 0;
		};
/* End PBXFrameworksBuildPhase section */

/* Begin PBXGroup section */
		4F2B7BB05CFCE23CF7ADDE9F /* Frameworks */ = {
			isa = PBXGroup;
			children = (
				EEB1E989CAAB49DEFBE3929A /* Pods_ProjetTest.framework */,
			);
			name = Frameworks;
			sourceTree = "<group>";
		};
		943CC7BD1E702885005872BD = {
			isa = PBXGroup;
			children = (
				943CC7C81E702885005872BD /* ProjetTest */,
				943CC7C71E702885005872BD /* Products */,
				C7E794D9768A0F3CC2475591 /* Pods */,
				4F2B7BB05CFCE23CF7ADDE9F /* Frameworks */,
			);
			sourceTree = "<group>";
		};
		943CC7C71E702885005872BD /* Products */ = {
			isa = PBXGroup;
			children = (
				943CC7C61E702885005872BD /* ProjetTest.app */,
			);
			name = Products;
			sourceTree = "<group>";
		};
		943CC7C81E702885005872BD /* ProjetTest */ = {
			isa = PBXGroup;
			children = (
				943CC7EE1E703313005872BD /* AABlurtAlertController.swift */,
				943CC7C91E702885005872BD /* AppDelegate.swift */,
				943CC7CB1E702885005872BD /* ViewController.swift */,
				943CC7EC1E7032E8005872BD /* GoogleMapViewController.swift */,
				9422BE651E703A32002C05DF /* alarm.png */,
				9422BE661E703A32002C05DF /* background.png */,
				9422BE671E703A32002C05DF /* facebook.png */,
				9422BE681E703A32002C05DF /* feather.png */,
				9422BE691E703A32002C05DF /* logoMessenger.png */,
				9422BE6A1E703A32002C05DF /* LogoWS.png */,
				9422BE6B1E703A32002C05DF /* LogoWsWhite.png */,
				9422BE6C1E703A32002C05DF /* settings.png */,
				943CC7CD1E702885005872BD /* Main.storyboard */,
				943CC7DE1E702895005872BD /* Bolts.framework */,
				943CC7DF1E702895005872BD /* FBSDKCoreKit.framework */,
				943CC7E01E702895005872BD /* FBSDKLoginKit.framework */,
				943CC7D31E702885005872BD /* Assets.xcassets */,
				943CC7D51E702885005872BD /* LaunchScreen.storyboard */,
				943CC7D81E702885005872BD /* Info.plist */,
				943CC7D01E702885005872BD /* ProjetTest.xcdatamodeld */,
				94909F551E70400A005C2967 /* Navigation.swift */,
			);
			path = ProjetTest;
			sourceTree = "<group>";
		};
		C7E794D9768A0F3CC2475591 /* Pods */ = {
			isa = PBXGroup;
			children = (
				18698BB3843C7ED992379355 /* Pods-ProjetTest.debug.xcconfig */,
				F7129CC9EE94D48047DD898B /* Pods-ProjetTest.release.xcconfig */,
			);
			name = Pods;
			sourceTree = "<group>";
		};
/* End PBXGroup section */

/* Begin PBXNativeTarget section */
		943CC7C51E702885005872BD /* ProjetTest */ = {
			isa = PBXNativeTarget;
			buildConfigurationList = 943CC7DB1E702885005872BD /* Build configuration list for PBXNativeTarget "ProjetTest" */;
			buildPhases = (
				AA4C65ECF22A6A39C8D1B33F /* [CP] Check Pods Manifest.lock */,
				943CC7C21E702885005872BD /* Sources */,
				943CC7C31E702885005872BD /* Frameworks */,
				943CC7C41E702885005872BD /* Resources */,
				96F2D6A29C3F388AF4893126 /* [CP] Embed Pods Frameworks */,
				4D36C6B614468C978D0BEEFF /* [CP] Copy Pods Resources */,
			);
			buildRules = (
			);
			dependencies = (
			);
			name = ProjetTest;
			productName = ProjetTest;
			productReference = 943CC7C61E702885005872BD /* ProjetTest.app */;
			productType = "com.apple.product-type.application";
		};
/* End PBXNativeTarget section */

/* Begin PBXProject section */
		943CC7BE1E702885005872BD /* Project object */ = {
			isa = PBXProject;
			attributes = {
				LastSwiftUpdateCheck = 0820;
				LastUpgradeCheck = 0820;
				ORGANIZATIONNAME = LPDAM;
				TargetAttributes = {
					943CC7C51E702885005872BD = {
						CreatedOnToolsVersion = 8.2.1;
						DevelopmentTeam = 69R2XL3WDR;
						ProvisioningStyle = Automatic;
					};
				};
			};
			buildConfigurationList = 943CC7C11E702885005872BD /* Build configuration list for PBXProject "ProjetTest" */;
			compatibilityVersion = "Xcode 3.2";
			developmentRegion = English;
			hasScannedForEncodings = 0;
			knownRegions = (
				en,
				Base,
			);
			mainGroup = 943CC7BD1E702885005872BD;
			productRefGroup = 943CC7C71E702885005872BD /* Products */;
			projectDirPath = "";
			projectRoot = "";
			targets = (
				943CC7C51E702885005872BD /* ProjetTest */,
			);
		};
/* End PBXProject section */

/* Begin PBXResourcesBuildPhase section */
		943CC7C41E702885005872BD /* Resources */ = {
			isa = PBXResourcesBuildPhase;
			buildActionMask = 2147483647;
			files = (
				9422BE721E703A32002C05DF /* LogoWS.png in Resources */,
				943CC7D71E702885005872BD /* LaunchScreen.storyboard in Resources */,
				9422BE6F1E703A32002C05DF /* facebook.png in Resources */,
				9422BE741E703A32002C05DF /* settings.png in Resources */,
				9422BE6E1E703A32002C05DF /* background.png in Resources */,
				9422BE701E703A32002C05DF /* feather.png in Resources */,
				9422BE6D1E703A32002C05DF /* alarm.png in Resources */,
				9422BE731E703A32002C05DF /* LogoWsWhite.png in Resources */,
				943CC7D41E702885005872BD /* Assets.xcassets in Resources */,
				9422BE711E703A32002C05DF /* logoMessenger.png in Resources */,
				943CC7CF1E702885005872BD /* Main.storyboard in Resources */,
			);
			runOnlyForDeploymentPostprocessing = 0;
		};
/* End PBXResourcesBuildPhase section */

/* Begin PBXShellScriptBuildPhase section */
		4D36C6B614468C978D0BEEFF /* [CP] Copy Pods Resources */ = {
			isa = PBXShellScriptBuildPhase;
			buildActionMask = 2147483647;
			files = (
			);
			inputPaths = (
			);
			name = "[CP] Copy Pods Resources";
			outputPaths = (
			);
			runOnlyForDeploymentPostprocessing = 0;
			shellPath = /bin/sh;
			shellScript = "\"${SRCROOT}/Pods/Target Support Files/Pods-ProjetTest/Pods-ProjetTest-resources.sh\"\n";
			showEnvVarsInLog = 0;
		};
		96F2D6A29C3F388AF4893126 /* [CP] Embed Pods Frameworks */ = {
			isa = PBXShellScriptBuildPhase;
			buildActionMask = 2147483647;
			files = (
			);
			inputPaths = (
			);
			name = "[CP] Embed Pods Frameworks";
			outputPaths = (
			);
			runOnlyForDeploymentPostprocessing = 0;
			shellPath = /bin/sh;
			shellScript = "\"${SRCROOT}/Pods/Target Support Files/Pods-ProjetTest/Pods-ProjetTest-frameworks.sh\"\n";
			showEnvVarsInLog = 0;
		};
		AA4C65ECF22A6A39C8D1B33F /* [CP] Check Pods Manifest.lock */ = {
			isa = PBXShellScriptBuildPhase;
			buildActionMask = 2147483647;
			files = (
			);
			inputPaths = (
			);
			name = "[CP] Check Pods Manifest.lock";
			outputPaths = (
			);
			runOnlyForDeploymentPostprocessing = 0;
			shellPath = /bin/sh;
			shellScript = "diff \"${PODS_ROOT}/../Podfile.lock\" \"${PODS_ROOT}/Manifest.lock\" > /dev/null\nif [ $? != 0 ] ; then\n    # print error to STDERR\n    echo \"error: The sandbox is not in sync with the Podfile.lock. Run 'pod install' or update your CocoaPods installation.\" >&2\n    exit 1\nfi\n";
			showEnvVarsInLog = 0;
		};
/* End PBXShellScriptBuildPhase section */

/* Begin PBXSourcesBuildPhase section */
		943CC7C21E702885005872BD /* Sources */ = {
			isa = PBXSourcesBuildPhase;
			buildActionMask = 2147483647;
			files = (
				943CC7D21E702885005872BD /* ProjetTest.xcdatamodeld in Sources */,
				943CC7CC1E702885005872BD /* ViewController.swift in Sources */,
				943CC7ED1E7032E8005872BD /* GoogleMapViewController.swift in Sources */,
				94909F561E70400A005C2967 /* Navigation.swift in Sources */,
				943CC7CA1E702885005872BD /* AppDelegate.swift in Sources */,
				943CC7EF1E703313005872BD /* AABlurtAlertController.swift in Sources */,
			);
			runOnlyForDeploymentPostprocessing = 0;
		};
/* End PBXSourcesBuildPhase section */

/* Begin PBXVariantGroup section */
		943CC7CD1E702885005872BD /* Main.storyboard */ = {
			isa = PBXVariantGroup;
			children = (
				943CC7CE1E702885005872BD /* Base */,
			);
			name = Main.storyboard;
			sourceTree = "<group>";
		};
		943CC7D51E702885005872BD /* LaunchScreen.storyboard */ = {
			isa = PBXVariantGroup;
			children = (
				943CC7D61E702885005872BD /* Base */,
			);
			name = LaunchScreen.storyboard;
			sourceTree = "<group>";
		};
/* End PBXVariantGroup section */

/* Begin XCBuildConfiguration section */
		943CC7D91E702885005872BD /* Debug */ = {
			isa = XCBuildConfiguration;
			buildSettings = {
				ALWAYS_SEARCH_USER_PATHS = NO;
				CLANG_ANALYZER_NONNULL = YES;
				CLANG_CXX_LANGUAGE_STANDARD = "gnu++0x";
				CLANG_CXX_LIBRARY = "libc++";
				CLANG_ENABLE_MODULES = YES;
				CLANG_ENABLE_OBJC_ARC = YES;
				CLANG_WARN_BOOL_CONVERSION = YES;
				CLANG_WARN_CONSTANT_CONVERSION = YES;
				CLANG_WARN_DIRECT_OBJC_ISA_USAGE = YES_ERROR;
				CLANG_WARN_DOCUMENTATION_COMMENTS = YES;
				CLANG_WARN_EMPTY_BODY = YES;
				CLANG_WARN_ENUM_CONVERSION = YES;
				CLANG_WARN_INFINITE_RECURSION = YES;
				CLANG_WARN_INT_CONVERSION = YES;
				CLANG_WARN_OBJC_ROOT_CLASS = YES_ERROR;
				CLANG_WARN_SUSPICIOUS_MOVE = YES;
				CLANG_WARN_UNREACHABLE_CODE = YES;
				CLANG_WARN__DUPLICATE_METHOD_MATCH = YES;
				"CODE_SIGN_IDENTITY[sdk=iphoneos*]" = "iPhone Developer";
				COPY_PHASE_STRIP = NO;
				DEBUG_INFORMATION_FORMAT = dwarf;
				ENABLE_STRICT_OBJC_MSGSEND = YES;
				ENABLE_TESTABILITY = YES;
				GCC_C_LANGUAGE_STANDARD = gnu99;
				GCC_DYNAMIC_NO_PIC = NO;
				GCC_NO_COMMON_BLOCKS = YES;
				GCC_OPTIMIZATION_LEVEL = 0;
				GCC_PREPROCESSOR_DEFINITIONS = (
					"DEBUG=1",
					"$(inherited)",
				);
				GCC_WARN_64_TO_32_BIT_CONVERSION = YES;
				GCC_WARN_ABOUT_RETURN_TYPE = YES_ERROR;
				GCC_WARN_UNDECLARED_SELECTOR = YES;
				GCC_WARN_UNINITIALIZED_AUTOS = YES_AGGRESSIVE;
				GCC_WARN_UNUSED_FUNCTION = YES;
				GCC_WARN_UNUSED_VARIABLE = YES;
				IPHONEOS_DEPLOYMENT_TARGET = 10.2;
				MTL_ENABLE_DEBUG_INFO = YES;
				ONLY_ACTIVE_ARCH = YES;
				SDKROOT = iphoneos;
				SWIFT_ACTIVE_COMPILATION_CONDITIONS = DEBUG;
				SWIFT_OPTIMIZATION_LEVEL = "-Onone";
			};
			name = Debug;
		};
		943CC7DA1E702885005872BD /* Release */ = {
			isa = XCBuildConfiguration;
			buildSettings = {
				ALWAYS_SEARCH_USER_PATHS = NO;
				CLANG_ANALYZER_NONNULL = YES;
				CLANG_CXX_LANGUAGE_STANDARD = "gnu++0x";
				CLANG_CXX_LIBRARY = "libc++";
				CLANG_ENABLE_MODULES = YES;
				CLANG_ENABLE_OBJC_ARC = YES;
				CLANG_WARN_BOOL_CONVERSION = YES;
				CLANG_WARN_CONSTANT_CONVERSION = YES;
				CLANG_WARN_DIRECT_OBJC_ISA_USAGE = YES_ERROR;
				CLANG_WARN_DOCUMENTATION_COMMENTS = YES;
				CLANG_WARN_EMPTY_BODY = YES;
				CLANG_WARN_ENUM_CONVERSION = YES;
				CLANG_WARN_INFINITE_RECURSION = YES;
				CLANG_WARN_INT_CONVERSION = YES;
				CLANG_WARN_OBJC_ROOT_CLASS = YES_ERROR;
				CLANG_WARN_SUSPICIOUS_MOVE = YES;
				CLANG_WARN_UNREACHABLE_CODE = YES;
				CLANG_WARN__DUPLICATE_METHOD_MATCH = YES;
				"CODE_SIGN_IDENTITY[sdk=iphoneos*]" = "iPhone Developer";
				COPY_PHASE_STRIP = NO;
				DEBUG_INFORMATION_FORMAT = "dwarf-with-dsym";
				ENABLE_NS_ASSERTIONS = NO;
				ENABLE_STRICT_OBJC_MSGSEND = YES;
				GCC_C_LANGUAGE_STANDARD = gnu99;
				GCC_NO_COMMON_BLOCKS = YES;
				GCC_WARN_64_TO_32_BIT_CONVERSION = YES;
				GCC_WARN_ABOUT_RETURN_TYPE = YES_ERROR;
				GCC_WARN_UNDECLARED_SELECTOR = YES;
				GCC_WARN_UNINITIALIZED_AUTOS = YES_AGGRESSIVE;
				GCC_WARN_UNUSED_FUNCTION = YES;
				GCC_WARN_UNUSED_VARIABLE = YES;
				IPHONEOS_DEPLOYMENT_TARGET = 10.2;
				MTL_ENABLE_DEBUG_INFO = NO;
				SDKROOT = iphoneos;
				SWIFT_OPTIMIZATION_LEVEL = "-Owholemodule";
				VALIDATE_PRODUCT = YES;
			};
			name = Release;
		};
		943CC7DC1E702885005872BD /* Debug */ = {
			isa = XCBuildConfiguration;
			baseConfigurationReference = 18698BB3843C7ED992379355 /* Pods-ProjetTest.debug.xcconfig */;
			buildSettings = {
				ASSETCATALOG_COMPILER_APPICON_NAME = AppIcon;
				DEVELOPMENT_TEAM = 69R2XL3WDR;
				FRAMEWORK_SEARCH_PATHS = (
					"$(inherited)",
					"$(PROJECT_DIR)/ProjetTest",
				);
				INFOPLIST_FILE = ProjetTest/Info.plist;
				LD_RUNPATH_SEARCH_PATHS = "$(inherited) @executable_path/Frameworks";
				PRODUCT_BUNDLE_IDENTIFIER = WeSocial.ProjetTest;
				PRODUCT_NAME = "$(TARGET_NAME)";
				SWIFT_VERSION = 3.0;
			};
			name = Debug;
		};
		943CC7DD1E702885005872BD /* Release */ = {
			isa = XCBuildConfiguration;
			baseConfigurationReference = F7129CC9EE94D48047DD898B /* Pods-ProjetTest.release.xcconfig */;
			buildSettings = {
				ASSETCATALOG_COMPILER_APPICON_NAME = AppIcon;
				DEVELOPMENT_TEAM = 69R2XL3WDR;
				FRAMEWORK_SEARCH_PATHS = (
					"$(inherited)",
					"$(PROJECT_DIR)/ProjetTest",
				);
				INFOPLIST_FILE = ProjetTest/Info.plist;
				LD_RUNPATH_SEARCH_PATHS = "$(inherited) @executable_path/Frameworks";
				PRODUCT_BUNDLE_IDENTIFIER = WeSocial.ProjetTest;
				PRODUCT_NAME = "$(TARGET_NAME)";
				SWIFT_VERSION = 3.0;
			};
			name = Release;
		};
/* End XCBuildConfiguration section */

/* Begin XCConfigurationList section */
		943CC7C11E702885005872BD /* Build configuration list for PBXProject "ProjetTest" */ = {
			isa = XCConfigurationList;
			buildConfigurations = (
				943CC7D91E702885005872BD /* Debug */,
				943CC7DA1E702885005872BD /* Release */,
			);
			defaultConfigurationIsVisible = 0;
			defaultConfigurationName = Release;
		};
		943CC7DB1E702885005872BD /* Build configuration list for PBXNativeTarget "ProjetTest" */ = {
			isa = XCConfigurationList;
			buildConfigurations = (
				943CC7DC1E702885005872BD /* Debug */,
				943CC7DD1E702885005872BD /* Release */,
			);
			defaultConfigurationIsVisible = 0;
			defaultConfigurationName = Release;
		};
/* End XCConfigurationList section */

/* Begin XCVersionGroup section */
		943CC7D01E702885005872BD /* ProjetTest.xcdatamodeld */ = {
			isa = XCVersionGroup;
			children = (
				943CC7D11E702885005872BD /* ProjetTest.xcdatamodel */,
			);
			currentVersion = 943CC7D11E702885005872BD /* ProjetTest.xcdatamodel */;
			path = ProjetTest.xcdatamodeld;
			sourceTree = "<group>";
			versionGroupType = wrapper.xcdatamodel;
		};
/* End XCVersionGroup section */
	};
	rootObject = 943CC7BE1E702885005872BD /* Project object */;
}
